
Microsoft Visual Studio Solution File, Format Version 12.00
# Visual Studio Version 17
VisualStudioVersion = 17.2.32630.192
MinimumVisualStudioVersion = 10.0.40219.1
Project("{9A19103F-16F7-4668-BE54-9A1E7A4F7556}") = "Gisfpp-projects", "Gisfpp-projects.csproj", "{20732E3D-0606-4911-906A-F99E03303217}"
EndProject
Project("{9A19103F-16F7-4668-BE54-9A1E7A4F7556}") = "Gisfpp-projects-test", "..\Gisfpp-projects-test\Gisfpp-projects-test.csproj", "{CCD2B60C-1D9D-4C46-9561-F6C0C73A50F5}"
EndProject
Global
	GlobalSection(SolutionConfigurationPlatforms) = preSolution
		Debug|Any CPU = Debug|Any CPU
		Release|Any CPU = Release|Any CPU
	EndGlobalSection
	GlobalSection(ProjectConfigurationPlatforms) = postSolution
		{20732E3D-0606-4911-906A-F99E03303217}.Debug|Any CPU.ActiveCfg = Debug|Any CPU
		{20732E3D-0606-4911-906A-F99E03303217}.Debug|Any CPU.Build.0 = Debug|Any CPU
		{20732E3D-0606-4911-906A-F99E03303217}.Release|Any CPU.ActiveCfg = Release|Any CPU
		{20732E3D-0606-4911-906A-F99E03303217}.Release|Any CPU.Build.0 = Release|Any CPU
		{CCD2B60C-1D9D-4C46-9561-F6C0C73A50F5}.Debug|Any CPU.ActiveCfg = Debug|Any CPU
		{CCD2B60C-1D9D-4C46-9561-F6C0C73A50F5}.Debug|Any CPU.Build.0 = Debug|Any CPU
		{CCD2B60C-1D9D-4C46-9561-F6C0C73A50F5}.Release|Any CPU.ActiveCfg = Release|Any CPU
		{CCD2B60C-1D9D-4C46-9561-F6C0C73A50F5}.Release|Any CPU.Build.0 = Release|Any CPU
	EndGlobalSection
	GlobalSection(SolutionProperties) = preSolution
		HideSolutionNode = FALSE
	EndGlobalSection
	GlobalSection(ExtensibilityGlobals) = postSolution
		SolutionGuid = {6B942BF6-9824-4C62-9FE5-DA01ABB1080F}
	EndGlobalSection
EndGlobal
