
Microsoft Visual Studio Solution File, Format Version 12.00
# Visual Studio Version 17
VisualStudioVersion = 17.2.32630.192
MinimumVisualStudioVersion = 10.0.40219.1
Project("{FAE04EC0-301F-11D3-BF4B-00C04F79EFBC}") = "Gisfpp-projects", "Gisfpp-projects.csproj", "{20732E3D-0606-4911-906A-F99E03303217}"
EndProject
Global
	GlobalSection(SolutionConfigurationPlatforms) = preSolution
		Debug|Any CPU = Debug|Any CPU
		Release|Any CPU = Release|Any CPU
	EndGlobalSection
	GlobalSection(ProjectConfigurationPlatforms) = postSolution
		{20732E3D-0606-4911-906A-F99E03303217}.Debug|Any CPU.ActiveCfg = Debug|Any CPU
		{20732E3D-0606-4911-906A-F99E03303217}.Debug|Any CPU.Build.0 = Debug|Any CPU
		{20732E3D-0606-4911-906A-F99E03303217}.Release|Any CPU.ActiveCfg = Release|Any CPU
		{20732E3D-0606-4911-906A-F99E03303217}.Release|Any CPU.Build.0 = Release|Any CPU
	EndGlobalSection
	GlobalSection(SolutionProperties) = preSolution
		HideSolutionNode = FALSE
	EndGlobalSection
	GlobalSection(ExtensibilityGlobals) = postSolution
		SolutionGuid = {6B942BF6-9824-4C62-9FE5-DA01ABB1080F}
	EndGlobalSection
EndGlobal
